
Microsoft Visual Studio Solution File, Format Version 12.00
# Visual Studio Version 17
VisualStudioVersion = 17.4.33213.308
MinimumVisualStudioVersion = 10.0.40219.1
Project("{FAE04EC0-301F-11D3-BF4B-00C04F79EFBC}") = "LojaDeCinema", "LojaDeCinema\LojaDeCinema.csproj", "{EC206AB1-88EA-4CCE-8A23-31CEF90D28F7}"
EndProject
Global
	GlobalSection(SolutionConfigurationPlatforms) = preSolution
		Debug|Any CPU = Debug|Any CPU
		Release|Any CPU = Release|Any CPU
	EndGlobalSection
	GlobalSection(ProjectConfigurationPlatforms) = postSolution
		{EC206AB1-88EA-4CCE-8A23-31CEF90D28F7}.Debug|Any CPU.ActiveCfg = Debug|Any CPU
		{EC206AB1-88EA-4CCE-8A23-31CEF90D28F7}.Debug|Any CPU.Build.0 = Debug|Any CPU
		{EC206AB1-88EA-4CCE-8A23-31CEF90D28F7}.Release|Any CPU.ActiveCfg = Release|Any CPU
		{EC206AB1-88EA-4CCE-8A23-31CEF90D28F7}.Release|Any CPU.Build.0 = Release|Any CPU
	EndGlobalSection
	GlobalSection(SolutionProperties) = preSolution
		HideSolutionNode = FALSE
	EndGlobalSection
	GlobalSection(ExtensibilityGlobals) = postSolution
		SolutionGuid = {015F1374-49B5-4C2A-8BE5-31728270A2B6}
	EndGlobalSection
EndGlobal
